
Microsoft Visual Studio Solution File, Format Version 12.00
# Visual Studio 2012
Project("{FAE04EC0-301F-11D3-BF4B-00C04F79EFBC}") = "KaraIOS", "KaraIOS\KaraIOS.csproj", "{43E5BBA3-45F0-45EF-A7DB-2EF98AAA14C3}"
EndProject
Project("{FAE04EC0-301F-11D3-BF4B-00C04F79EFBC}") = "KaraIOS.Droid", "Droid\KaraIOS.Droid.csproj", "{32479945-3E65-4509-AD3F-A688D6D50433}"
EndProject
Project("{FAE04EC0-301F-11D3-BF4B-00C04F79EFBC}") = "KaraIOS.iOS", "iOS\KaraIOS.iOS.csproj", "{9A1E902A-67DF-4D2E-A1D3-692CB36EF6DB}"
EndProject
Global
	GlobalSection(SolutionConfigurationPlatforms) = preSolution
		Debug|Any CPU = Debug|Any CPU
		Release|Any CPU = Release|Any CPU
		Debug|iPhoneSimulator = Debug|iPhoneSimulator
		Release|iPhone = Release|iPhone
		Release|iPhoneSimulator = Release|iPhoneSimulator
		Debug|iPhone = Debug|iPhone
	EndGlobalSection
	GlobalSection(ProjectConfigurationPlatforms) = postSolution
		{43E5BBA3-45F0-45EF-A7DB-2EF98AAA14C3}.Debug|Any CPU.ActiveCfg = Debug|Any CPU
		{43E5BBA3-45F0-45EF-A7DB-2EF98AAA14C3}.Debug|Any CPU.Build.0 = Debug|Any CPU
		{43E5BBA3-45F0-45EF-A7DB-2EF98AAA14C3}.Release|Any CPU.ActiveCfg = Release|Any CPU
		{43E5BBA3-45F0-45EF-A7DB-2EF98AAA14C3}.Release|Any CPU.Build.0 = Release|Any CPU
		{43E5BBA3-45F0-45EF-A7DB-2EF98AAA14C3}.Debug|iPhoneSimulator.ActiveCfg = Debug|Any CPU
		{43E5BBA3-45F0-45EF-A7DB-2EF98AAA14C3}.Debug|iPhoneSimulator.Build.0 = Debug|Any CPU
		{43E5BBA3-45F0-45EF-A7DB-2EF98AAA14C3}.Release|iPhone.ActiveCfg = Release|Any CPU
		{43E5BBA3-45F0-45EF-A7DB-2EF98AAA14C3}.Release|iPhone.Build.0 = Release|Any CPU
		{43E5BBA3-45F0-45EF-A7DB-2EF98AAA14C3}.Release|iPhoneSimulator.ActiveCfg = Release|Any CPU
		{43E5BBA3-45F0-45EF-A7DB-2EF98AAA14C3}.Release|iPhoneSimulator.Build.0 = Release|Any CPU
		{43E5BBA3-45F0-45EF-A7DB-2EF98AAA14C3}.Debug|iPhone.ActiveCfg = Debug|Any CPU
		{43E5BBA3-45F0-45EF-A7DB-2EF98AAA14C3}.Debug|iPhone.Build.0 = Debug|Any CPU
		{32479945-3E65-4509-AD3F-A688D6D50433}.Debug|Any CPU.ActiveCfg = Debug|Any CPU
		{32479945-3E65-4509-AD3F-A688D6D50433}.Debug|Any CPU.Build.0 = Debug|Any CPU
		{32479945-3E65-4509-AD3F-A688D6D50433}.Release|Any CPU.ActiveCfg = Release|Any CPU
		{32479945-3E65-4509-AD3F-A688D6D50433}.Release|Any CPU.Build.0 = Release|Any CPU
		{32479945-3E65-4509-AD3F-A688D6D50433}.Debug|iPhoneSimulator.ActiveCfg = Debug|Any CPU
		{32479945-3E65-4509-AD3F-A688D6D50433}.Debug|iPhoneSimulator.Build.0 = Debug|Any CPU
		{32479945-3E65-4509-AD3F-A688D6D50433}.Release|iPhone.ActiveCfg = Release|Any CPU
		{32479945-3E65-4509-AD3F-A688D6D50433}.Release|iPhone.Build.0 = Release|Any CPU
		{32479945-3E65-4509-AD3F-A688D6D50433}.Release|iPhoneSimulator.ActiveCfg = Release|Any CPU
		{32479945-3E65-4509-AD3F-A688D6D50433}.Release|iPhoneSimulator.Build.0 = Release|Any CPU
		{32479945-3E65-4509-AD3F-A688D6D50433}.Debug|iPhone.ActiveCfg = Debug|Any CPU
		{32479945-3E65-4509-AD3F-A688D6D50433}.Debug|iPhone.Build.0 = Debug|Any CPU
		{9A1E902A-67DF-4D2E-A1D3-692CB36EF6DB}.Debug|Any CPU.ActiveCfg = Debug|iPhoneSimulator
		{9A1E902A-67DF-4D2E-A1D3-692CB36EF6DB}.Debug|Any CPU.Build.0 = Debug|iPhoneSimulator
		{9A1E902A-67DF-4D2E-A1D3-692CB36EF6DB}.Release|Any CPU.ActiveCfg = Release|iPhone
		{9A1E902A-67DF-4D2E-A1D3-692CB36EF6DB}.Release|Any CPU.Build.0 = Release|iPhone
		{9A1E902A-67DF-4D2E-A1D3-692CB36EF6DB}.Debug|iPhoneSimulator.ActiveCfg = Debug|iPhoneSimulator
		{9A1E902A-67DF-4D2E-A1D3-692CB36EF6DB}.Debug|iPhoneSimulator.Build.0 = Debug|iPhoneSimulator
		{9A1E902A-67DF-4D2E-A1D3-692CB36EF6DB}.Release|iPhone.ActiveCfg = Release|iPhone
		{9A1E902A-67DF-4D2E-A1D3-692CB36EF6DB}.Release|iPhone.Build.0 = Release|iPhone
		{9A1E902A-67DF-4D2E-A1D3-692CB36EF6DB}.Release|iPhoneSimulator.ActiveCfg = Release|iPhoneSimulator
		{9A1E902A-67DF-4D2E-A1D3-692CB36EF6DB}.Release|iPhoneSimulator.Build.0 = Release|iPhoneSimulator
		{9A1E902A-67DF-4D2E-A1D3-692CB36EF6DB}.Debug|iPhone.ActiveCfg = Debug|iPhone
		{9A1E902A-67DF-4D2E-A1D3-692CB36EF6DB}.Debug|iPhone.Build.0 = Debug|iPhone
	EndGlobalSection
EndGlobal
